
Microsoft Visual Studio Solution File, Format Version 12.00
# Visual Studio Version 16
VisualStudioVersion = 25.0.1704.2
MinimumVisualStudioVersion = 10.0.40219.1
Project("{FAE04EC0-301F-11D3-BF4B-00C04F79EFBC}") = "Homework1_6_8", "Homework1_6_8\Homework1_6_8.csproj", "{89AF945E-B6D9-4482-9A11-2298F49B08C4}"
EndProject
Global
	GlobalSection(SolutionConfigurationPlatforms) = preSolution
		Debug|Any CPU = Debug|Any CPU
		Release|Any CPU = Release|Any CPU
	EndGlobalSection
	GlobalSection(ProjectConfigurationPlatforms) = postSolution
		{89AF945E-B6D9-4482-9A11-2298F49B08C4}.Debug|Any CPU.ActiveCfg = Debug|Any CPU
		{89AF945E-B6D9-4482-9A11-2298F49B08C4}.Debug|Any CPU.Build.0 = Debug|Any CPU
		{89AF945E-B6D9-4482-9A11-2298F49B08C4}.Release|Any CPU.ActiveCfg = Release|Any CPU
		{89AF945E-B6D9-4482-9A11-2298F49B08C4}.Release|Any CPU.Build.0 = Release|Any CPU
	EndGlobalSection
	GlobalSection(SolutionProperties) = preSolution
		HideSolutionNode = FALSE
	EndGlobalSection
	GlobalSection(ExtensibilityGlobals) = postSolution
		SolutionGuid = {9D3DC1A1-37CE-4BFD-A326-779C0AB5A3B8}
	EndGlobalSection
EndGlobal
